
Microsoft Visual Studio Solution File, Format Version 12.00
# Visual Studio Version 17
VisualStudioVersion = 17.9.34728.123
MinimumVisualStudioVersion = 10.0.40219.1
Project("{FAE04EC0-301F-11D3-BF4B-00C04F79EFBC}") = "TodoApp", "TodoApp\TodoApp.csproj", "{40B37C3B-B592-48D3-A9AA-E31071C5E544}"
EndProject
Global
	GlobalSection(SolutionConfigurationPlatforms) = preSolution
		Debug|Any CPU = Debug|Any CPU
		Release|Any CPU = Release|Any CPU
	EndGlobalSection
	GlobalSection(ProjectConfigurationPlatforms) = postSolution
		{40B37C3B-B592-48D3-A9AA-E31071C5E544}.Debug|Any CPU.ActiveCfg = Debug|Any CPU
		{40B37C3B-B592-48D3-A9AA-E31071C5E544}.Debug|Any CPU.Build.0 = Debug|Any CPU
		{40B37C3B-B592-48D3-A9AA-E31071C5E544}.Release|Any CPU.ActiveCfg = Release|Any CPU
		{40B37C3B-B592-48D3-A9AA-E31071C5E544}.Release|Any CPU.Build.0 = Release|Any CPU
	EndGlobalSection
	GlobalSection(SolutionProperties) = preSolution
		HideSolutionNode = FALSE
	EndGlobalSection
	GlobalSection(ExtensibilityGlobals) = postSolution
		SolutionGuid = {2FAA9AF7-2DCD-4D27-BCBB-78090F46961D}
	EndGlobalSection
EndGlobal
